<?xml version="1.0" encoding="utf-8"?>
<Project ToolsVersion="4.0" xmlns="http://schemas.microsoft.com/developer/msbuild/2003">
  <ItemGroup>
    <Filter Include="LWDviz">
      <UniqueIdentifier>{25B674BF-1158-9F95-FA12-B3E9E65326E6}</UniqueIdentifier>
    </Filter>
  </ItemGroup>
  <ItemGroup>
    <ClInclude Include="src\LWDviz.h" />
    <ClInclude Include="src\LWDviz\application.h">
      <Filter>LWDviz</Filter>
    </ClInclude>
    <ClInclude Include="src\LWDviz\core.h">
      <Filter>LWDviz</Filter>
    </ClInclude>
    <ClInclude Include="src\LWDviz\entryPoint.h">
      <Filter>LWDviz</Filter>
    </ClInclude>
    <ClInclude Include="src\LWDviz\log.h">
      <Filter>LWDviz</Filter>
    </ClInclude>
  </ItemGroup>
  <ItemGroup>
    <ClCompile Include="src\LWDviz\application.cpp">
      <Filter>LWDviz</Filter>
    </ClCompile>
    <ClCompile Include="src\LWDviz\log.cpp">
      <Filter>LWDviz</Filter>
    </ClCompile>
  </ItemGroup>
</Project>