<?xml version="1.0" encoding="utf-8"?>
<Project ToolsVersion="4.0" xmlns="http://schemas.microsoft.com/developer/msbuild/2003">
  <ItemGroup>
    <Filter Include="LWDviz">
      <UniqueIdentifier>{25B674BF-1158-9F95-FA12-B3E9E65326E6}</UniqueIdentifier>
    </Filter>
    <Filter Include="LWDviz\Events">
      <UniqueIdentifier>{69664513-D526-C149-9E61-0AC70AE10526}</UniqueIdentifier>
    </Filter>
    <Filter Include="LWDviz\ImGui">
      <UniqueIdentifier>{0F73D800-FBD5-67A5-A45B-A05B909D3328}</UniqueIdentifier>
    </Filter>
    <Filter Include="Platforms">
      <UniqueIdentifier>{DDACA145-4917-56BC-9255-0762FEFE3311}</UniqueIdentifier>
    </Filter>
    <Filter Include="Platforms\OpenGL">
      <UniqueIdentifier>{719BB998-5D94-D8EA-86C6-BD6F721EB8F6}</UniqueIdentifier>
    </Filter>
    <Filter Include="Platforms\Windows">
      <UniqueIdentifier>{17E40808-83FA-069E-CC71-92BF38C7D725}</UniqueIdentifier>
    </Filter>
  </ItemGroup>
  <ItemGroup>
    <ClInclude Include="src\LWDviz.h" />
    <ClInclude Include="src\LWDviz\Events\applicationEvent.h">
      <Filter>LWDviz\Events</Filter>
    </ClInclude>
    <ClInclude Include="src\LWDviz\Events\event.h">
      <Filter>LWDviz\Events</Filter>
    </ClInclude>
    <ClInclude Include="src\LWDviz\Events\keyEvent.h">
      <Filter>LWDviz\Events</Filter>
    </ClInclude>
    <ClInclude Include="src\LWDviz\Events\mouseEvent.h">
      <Filter>LWDviz\Events</Filter>
    </ClInclude>
    <ClInclude Include="src\LWDviz\ImGui\ImGuiLayer.h">
      <Filter>LWDviz\ImGui</Filter>
    </ClInclude>
    <ClInclude Include="src\LWDviz\application.h">
      <Filter>LWDviz</Filter>
    </ClInclude>
    <ClInclude Include="src\LWDviz\entryPoint.h">
      <Filter>LWDviz</Filter>
    </ClInclude>
    <ClInclude Include="src\LWDviz\layer.h">
      <Filter>LWDviz</Filter>
    </ClInclude>
    <ClInclude Include="src\LWDviz\layerStack.h">
      <Filter>LWDviz</Filter>
    </ClInclude>
    <ClInclude Include="src\LWDviz\log.h">
      <Filter>LWDviz</Filter>
    </ClInclude>
    <ClInclude Include="src\LWDviz\window.h">
      <Filter>LWDviz</Filter>
    </ClInclude>
    <ClInclude Include="src\Platforms\OpenGL\ImGuiOpenGLRenderer.h">
      <Filter>Platforms\OpenGL</Filter>
    </ClInclude>
    <ClInclude Include="src\Platforms\Windows\WindowsWindow.h">
      <Filter>Platforms\Windows</Filter>
    </ClInclude>
    <ClInclude Include="src\lwpch.h" />
    <ClInclude Include="src\LWDviz\input.h" />
    <ClInclude Include="src\LWDviz\LWcore.h">
      <Filter>LWDviz</Filter>
    </ClInclude>
    <ClInclude Include="src\Platforms\Windows\WindowsInput.h" />
    <ClInclude Include="src\LWDviz\KeyCodes.h" />
    <ClInclude Include="src\LWDviz\MouseButtonCodes.h" />
  </ItemGroup>
  <ItemGroup>
    <ClCompile Include="src\LWDviz\ImGui\ImGuiLayer.cpp">
      <Filter>LWDviz\ImGui</Filter>
    </ClCompile>
    <ClCompile Include="src\LWDviz\application.cpp">
      <Filter>LWDviz</Filter>
    </ClCompile>
    <ClCompile Include="src\LWDviz\layer.cpp">
      <Filter>LWDviz</Filter>
    </ClCompile>
    <ClCompile Include="src\LWDviz\layerStack.cpp">
      <Filter>LWDviz</Filter>
    </ClCompile>
    <ClCompile Include="src\LWDviz\log.cpp">
      <Filter>LWDviz</Filter>
    </ClCompile>
    <ClCompile Include="src\Platforms\OpenGL\ImGuiOpenGLRenderer.cpp">
      <Filter>Platforms\OpenGL</Filter>
    </ClCompile>
    <ClCompile Include="src\Platforms\Windows\WindowsWindow.cpp">
      <Filter>Platforms\Windows</Filter>
    </ClCompile>
    <ClCompile Include="src\lwpch.cpp" />
    <ClCompile Include="src\Platforms\Windows\WindowsInput.cpp" />
  </ItemGroup>
</Project>